
Microsoft Visual Studio Solution File, Format Version 12.00
# Visual Studio Version 17
VisualStudioVersion = 17.14.36623.8 d17.14
MinimumVisualStudioVersion = 10.0.40219.1
Project("{FAE04EC0-301F-11D3-BF4B-00C04F79EFBC}") = "LibraryApi", "LibraryApi.csproj", "{C1FA6C14-1D2B-4495-AB2B-94527C2AE175}"
EndProject
Global
	GlobalSection(SolutionConfigurationPlatforms) = preSolution
		Debug|Any CPU = Debug|Any CPU
		Release|Any CPU = Release|Any CPU
	EndGlobalSection
	GlobalSection(ProjectConfigurationPlatforms) = postSolution
		{C1FA6C14-1D2B-4495-AB2B-94527C2AE175}.Debug|Any CPU.ActiveCfg = Debug|Any CPU
		{C1FA6C14-1D2B-4495-AB2B-94527C2AE175}.Debug|Any CPU.Build.0 = Debug|Any CPU
		{C1FA6C14-1D2B-4495-AB2B-94527C2AE175}.Release|Any CPU.ActiveCfg = Release|Any CPU
		{C1FA6C14-1D2B-4495-AB2B-94527C2AE175}.Release|Any CPU.Build.0 = Release|Any CPU
	EndGlobalSection
	GlobalSection(SolutionProperties) = preSolution
		HideSolutionNode = FALSE
	EndGlobalSection
	GlobalSection(ExtensibilityGlobals) = postSolution
		SolutionGuid = {D4EED1A3-D943-4F7F-8D66-13B1936680A5}
	EndGlobalSection
EndGlobal
